
Microsoft Visual Studio Solution File, Format Version 12.00
# Visual Studio Version 17
VisualStudioVersion = 17.9.34622.214
MinimumVisualStudioVersion = 10.0.40219.1
Project("{FAE04EC0-301F-11D3-BF4B-00C04F79EFBC}") = "MaintenanceLog", "MaintenanceLog.csproj", "{03918D41-EF29-476A-854A-080DE865AC41}"
EndProject
Global
	GlobalSection(SolutionConfigurationPlatforms) = preSolution
		Debug|Any CPU = Debug|Any CPU
		Release|Any CPU = Release|Any CPU
	EndGlobalSection
	GlobalSection(ProjectConfigurationPlatforms) = postSolution
		{03918D41-EF29-476A-854A-080DE865AC41}.Debug|Any CPU.ActiveCfg = Debug|Any CPU
		{03918D41-EF29-476A-854A-080DE865AC41}.Debug|Any CPU.Build.0 = Debug|Any CPU
		{03918D41-EF29-476A-854A-080DE865AC41}.Release|Any CPU.ActiveCfg = Release|Any CPU
		{03918D41-EF29-476A-854A-080DE865AC41}.Release|Any CPU.Build.0 = Release|Any CPU
	EndGlobalSection
	GlobalSection(SolutionProperties) = preSolution
		HideSolutionNode = FALSE
	EndGlobalSection
	GlobalSection(ExtensibilityGlobals) = postSolution
		SolutionGuid = {4486D22E-BAAC-4206-98CD-523D9AD8CD68}
	EndGlobalSection
EndGlobal
